
Microsoft Visual Studio Solution File, Format Version 12.00
# Visual Studio Version 17
VisualStudioVersion = 17.14.37216.2 d17.14
MinimumVisualStudioVersion = 10.0.40219.1
Project("{FAE04EC0-301F-11D3-BF4B-00C04F79EFBC}") = "MonstWinForms", "MonstWinForms.csproj", "{8421D122-F931-3C7B-4A01-B8828AD1ABE2}"
EndProject
Global
	GlobalSection(SolutionConfigurationPlatforms) = preSolution
		Debug|Any CPU = Debug|Any CPU
		Release|Any CPU = Release|Any CPU
	EndGlobalSection
	GlobalSection(ProjectConfigurationPlatforms) = postSolution
		{8421D122-F931-3C7B-4A01-B8828AD1ABE2}.Debug|Any CPU.ActiveCfg = Debug|Any CPU
		{8421D122-F931-3C7B-4A01-B8828AD1ABE2}.Debug|Any CPU.Build.0 = Debug|Any CPU
		{8421D122-F931-3C7B-4A01-B8828AD1ABE2}.Release|Any CPU.ActiveCfg = Release|Any CPU
		{8421D122-F931-3C7B-4A01-B8828AD1ABE2}.Release|Any CPU.Build.0 = Release|Any CPU
	EndGlobalSection
	GlobalSection(SolutionProperties) = preSolution
		HideSolutionNode = FALSE
	EndGlobalSection
	GlobalSection(ExtensibilityGlobals) = postSolution
		SolutionGuid = {402A0C14-15A1-4B6A-AD9C-421B2324D227}
	EndGlobalSection
EndGlobal
